
Microsoft Visual Studio Solution File, Format Version 12.00
# Visual Studio Version 18
VisualStudioVersion = 18.0.11121.172 d18.0
MinimumVisualStudioVersion = 10.0.40219.1
Project("{FAE04EC0-301F-11D3-BF4B-00C04F79EFBC}") = "MehrakCore", "MehrakCore\MehrakCore.csproj", "{A5CE0E88-BCA3-476D-8653-1D237D7D94F3}"
EndProject
Project("{FAE04EC0-301F-11D3-BF4B-00C04F79EFBC}") = "Mehrak.Domain", "Mehrak.Domain\Mehrak.Domain.csproj", "{D88039B7-9101-463C-B68B-7DCCB1E6769E}"
EndProject
Project("{FAE04EC0-301F-11D3-BF4B-00C04F79EFBC}") = "Mehrak.GameApi", "Mehrak.GameApi\Mehrak.GameApi.csproj", "{ECD7E19B-D4F8-41E3-A528-8A3293103807}"
EndProject
Project("{FAE04EC0-301F-11D3-BF4B-00C04F79EFBC}") = "Mehrak.Infrastructure", "Mehrak.Infrastructure\Mehrak.Infrastructure.csproj", "{FD772D51-096E-49D7-96B0-8C3F30CF1D5E}"
EndProject
Project("{FAE04EC0-301F-11D3-BF4B-00C04F79EFBC}") = "Mehrak.Application", "Mehrak.Application\Mehrak.Application.csproj", "{80977C87-E9B8-40C8-B4B1-1230310523E2}"
EndProject
Project("{FAE04EC0-301F-11D3-BF4B-00C04F79EFBC}") = "Mehrak.Bot", "Mehrak.Bot\Mehrak.Bot.csproj", "{32CC70F2-7372-4557-8EA2-60DF1CA66FB9}"
EndProject
Global
	GlobalSection(SolutionConfigurationPlatforms) = preSolution
		Debug|Any CPU = Debug|Any CPU
		Release|Any CPU = Release|Any CPU
	EndGlobalSection
	GlobalSection(ProjectConfigurationPlatforms) = postSolution
		{A5CE0E88-BCA3-476D-8653-1D237D7D94F3}.Debug|Any CPU.ActiveCfg = Debug|Any CPU
		{A5CE0E88-BCA3-476D-8653-1D237D7D94F3}.Debug|Any CPU.Build.0 = Debug|Any CPU
		{A5CE0E88-BCA3-476D-8653-1D237D7D94F3}.Release|Any CPU.ActiveCfg = Release|Any CPU
		{A5CE0E88-BCA3-476D-8653-1D237D7D94F3}.Release|Any CPU.Build.0 = Release|Any CPU
		{D88039B7-9101-463C-B68B-7DCCB1E6769E}.Debug|Any CPU.ActiveCfg = Debug|Any CPU
		{D88039B7-9101-463C-B68B-7DCCB1E6769E}.Debug|Any CPU.Build.0 = Debug|Any CPU
		{D88039B7-9101-463C-B68B-7DCCB1E6769E}.Release|Any CPU.ActiveCfg = Release|Any CPU
		{D88039B7-9101-463C-B68B-7DCCB1E6769E}.Release|Any CPU.Build.0 = Release|Any CPU
		{ECD7E19B-D4F8-41E3-A528-8A3293103807}.Debug|Any CPU.ActiveCfg = Debug|Any CPU
		{ECD7E19B-D4F8-41E3-A528-8A3293103807}.Debug|Any CPU.Build.0 = Debug|Any CPU
		{ECD7E19B-D4F8-41E3-A528-8A3293103807}.Release|Any CPU.ActiveCfg = Release|Any CPU
		{ECD7E19B-D4F8-41E3-A528-8A3293103807}.Release|Any CPU.Build.0 = Release|Any CPU
		{FD772D51-096E-49D7-96B0-8C3F30CF1D5E}.Debug|Any CPU.ActiveCfg = Debug|Any CPU
		{FD772D51-096E-49D7-96B0-8C3F30CF1D5E}.Debug|Any CPU.Build.0 = Debug|Any CPU
		{FD772D51-096E-49D7-96B0-8C3F30CF1D5E}.Release|Any CPU.ActiveCfg = Release|Any CPU
		{FD772D51-096E-49D7-96B0-8C3F30CF1D5E}.Release|Any CPU.Build.0 = Release|Any CPU
		{80977C87-E9B8-40C8-B4B1-1230310523E2}.Debug|Any CPU.ActiveCfg = Debug|Any CPU
		{80977C87-E9B8-40C8-B4B1-1230310523E2}.Debug|Any CPU.Build.0 = Debug|Any CPU
		{80977C87-E9B8-40C8-B4B1-1230310523E2}.Release|Any CPU.ActiveCfg = Release|Any CPU
		{80977C87-E9B8-40C8-B4B1-1230310523E2}.Release|Any CPU.Build.0 = Release|Any CPU
		{32CC70F2-7372-4557-8EA2-60DF1CA66FB9}.Debug|Any CPU.ActiveCfg = Debug|Any CPU
		{32CC70F2-7372-4557-8EA2-60DF1CA66FB9}.Debug|Any CPU.Build.0 = Debug|Any CPU
		{32CC70F2-7372-4557-8EA2-60DF1CA66FB9}.Release|Any CPU.ActiveCfg = Release|Any CPU
		{32CC70F2-7372-4557-8EA2-60DF1CA66FB9}.Release|Any CPU.Build.0 = Release|Any CPU
	EndGlobalSection
	GlobalSection(SolutionProperties) = preSolution
		HideSolutionNode = FALSE
	EndGlobalSection
	GlobalSection(ExtensibilityGlobals) = postSolution
		SolutionGuid = {EC800FC9-BDD7-4979-B378-32092C122924}
	EndGlobalSection
EndGlobal
